
Microsoft Visual Studio Solution File, Format Version 12.00
# Visual Studio 15
Project("{FAE04EC0-301F-11D3-BF4B-00C04F79EFBC}") = "Lesson_4Task1", "Lesson_4Task1\Lesson_4Task1.csproj", "{BCF23E10-C396-4F9B-8FD8-E280287EBADF}"
EndProject
Global
	GlobalSection(SolutionConfigurationPlatforms) = preSolution
		Debug|Any CPU = Debug|Any CPU
		Release|Any CPU = Release|Any CPU
	EndGlobalSection
	GlobalSection(ProjectConfigurationPlatforms) = postSolution
		{BCF23E10-C396-4F9B-8FD8-E280287EBADF}.Debug|Any CPU.ActiveCfg = Debug|Any CPU
		{BCF23E10-C396-4F9B-8FD8-E280287EBADF}.Debug|Any CPU.Build.0 = Debug|Any CPU
		{BCF23E10-C396-4F9B-8FD8-E280287EBADF}.Release|Any CPU.ActiveCfg = Release|Any CPU
		{BCF23E10-C396-4F9B-8FD8-E280287EBADF}.Release|Any CPU.Build.0 = Release|Any CPU
	EndGlobalSection
EndGlobal
